{
  "lockfile_version": "1",
  "packages": {
    "apache-directory-server@latest": {
      "last_modified": "2025-07-28T17:09:23Z",
      "resolved": "github:NixOS/nixpkgs/648f70160c03151bc2121d179291337ad6bc564b#apache-directory-server",
      "source": "devbox-search",
      "version": "2.0.0.AM26",
      "systems": {
        "aarch64-darwin": {
          "outputs": [
            {
              "name": "out",
              "path": "/nix/store/b60bahkk84k4m4yhn6vjfgfpgxz005d2-apache-directory-server-2.0.0.AM26",
              "default": true
            }
          ],
          "store_path": "/nix/store/b60bahkk84k4m4yhn6vjfgfpgxz005d2-apache-directory-server-2.0.0.AM26"
        },
        "aarch64-linux": {
          "outputs": [
            {
              "name": "out",
              "path": "/nix/store/frl1l572dz4rk7i034igyl32wx81jhpi-apache-directory-server-2.0.0.AM26",
              "default": true
            }
          ],
          "store_path": "/nix/store/frl1l572dz4rk7i034igyl32wx81jhpi-apache-directory-server-2.0.0.AM26"
        },
        "x86_64-darwin": {
          "outputs": [
            {
              "name": "out",
              "path": "/nix/store/i708y45vr532kiflgqcqlcs9k2v2ws17-apache-directory-server-2.0.0.AM26",
              "default": true
            }
          ],
          "store_path": "/nix/store/i708y45vr532kiflgqcqlcs9k2v2ws17-apache-directory-server-2.0.0.AM26"
        },
        "x86_64-linux": {
          "outputs": [
            {
              "name": "out",
              "path": "/nix/store/kg1d2yk1zgidkp8hnpw4zkvnsx30i47h-apache-directory-server-2.0.0.AM26",
              "default": true
            }
          ],
          "store_path": "/nix/store/kg1d2yk1zgidkp8hnpw4zkvnsx30i47h-apache-directory-server-2.0.0.AM26"
        }
      }
    },
    "apache-directory-studio@latest": {
      "last_modified": "2025-08-02T08:13:18Z",
      "resolved": "github:NixOS/nixpkgs/c02d05bcf73fb496c604798c2268ed424a09e73e#apache-directory-studio",
      "source": "devbox-search",
      "version": "2.0.0-M17",
      "systems": {
        "x86_64-linux": {
          "outputs": [
            {
              "name": "out",
              "path": "/nix/store/qcg3sxid8dnsgb5z3jbxpmwk773653im-apache-directory-studio-2.0.0-M17",
              "default": true
            }
          ],
          "store_path": "/nix/store/qcg3sxid8dnsgb5z3jbxpmwk773653im-apache-directory-studio-2.0.0-M17"
        }
      }
    },
    "gcc@latest": {
      "last_modified": "2025-09-18T16:33:27Z",
      "resolved": "github:NixOS/nixpkgs/f4b140d5b253f5e2a1ff4e5506edbf8267724bde#gcc15",
      "source": "devbox-search",
      "version": "15.2.0",
      "systems": {
        "aarch64-darwin": {
          "outputs": [
            {
              "name": "out",
              "path": "/nix/store/8pyz8rrfp0szg21wlzv55yfxkipqfz8f-gcc-wrapper-15.2.0",
              "default": true
            },
            {
              "name": "man",
              "path": "/nix/store/h3335p57iwhkgckjj7dv2c2acdpy4sb5-gcc-wrapper-15.2.0-man",
              "default": true
            },
            {
              "name": "info",
              "path": "/nix/store/ldzysmzaywmg1b70a9xanifxjvq0pzj0-gcc-wrapper-15.2.0-info"
            }
          ],
          "store_path": "/nix/store/8pyz8rrfp0szg21wlzv55yfxkipqfz8f-gcc-wrapper-15.2.0"
        },
        "aarch64-linux": {
          "outputs": [
            {
              "name": "out",
              "path": "/nix/store/wv1g8zds72wmxvxh324187r4vdk69bvs-gcc-wrapper-15.2.0",
              "default": true
            },
            {
              "name": "man",
              "path": "/nix/store/k53zjnz9bwpnyqb11dr8v00cv9qq0hjf-gcc-wrapper-15.2.0-man",
              "default": true
            },
            {
              "name": "info",
              "path": "/nix/store/vby65fi91rhpzxpls0h546w3j3bycpfi-gcc-wrapper-15.2.0-info"
            }
          ],
          "store_path": "/nix/store/wv1g8zds72wmxvxh324187r4vdk69bvs-gcc-wrapper-15.2.0"
        },
        "x86_64-darwin": {
          "outputs": [
            {
              "name": "out",
              "path": "/nix/store/hfq4539yss12c8v2lp4vrby871klizn2-gcc-wrapper-15.2.0",
              "default": true
            },
            {
              "name": "man",
              "path": "/nix/store/fm0z7532g30gbschiq4922grv1pns8zr-gcc-wrapper-15.2.0-man",
              "default": true
            },
            {
              "name": "info",
              "path": "/nix/store/qw2z78sa7v9mr6wi1ajvaakr045ahr6d-gcc-wrapper-15.2.0-info"
            }
          ],
          "store_path": "/nix/store/hfq4539yss12c8v2lp4vrby871klizn2-gcc-wrapper-15.2.0"
        },
        "x86_64-linux": {
          "outputs": [
            {
              "name": "out",
              "path": "/nix/store/506azq3c3pif4yrdi7kfg308pkwjv9aj-gcc-wrapper-15.2.0",
              "default": true
            },
            {
              "name": "man",
              "path": "/nix/store/s0p5m118pqkjkb5j8y85lbs9wzpsysa9-gcc-wrapper-15.2.0-man",
              "default": true
            },
            {
              "name": "info",
              "path": "/nix/store/vmryimxdcz2s2nf797qh25ag1cggf161-gcc-wrapper-15.2.0-info"
            }
          ],
          "store_path": "/nix/store/506azq3c3pif4yrdi7kfg308pkwjv9aj-gcc-wrapper-15.2.0"
        }
      }
    },
    "ghostscript@latest": {
      "last_modified": "2025-09-19T15:05:15Z",
      "resolved": "github:NixOS/nixpkgs/90ade7da38aa49c2e2693a04a44662a0e61530e9#ghostscript",
      "source": "devbox-search",
      "version": "10.05.1",
      "systems": {
        "aarch64-darwin": {
          "outputs": [
            {
              "name": "out",
              "path": "/nix/store/y8sfh02kghxndksaw8xvflanqb12w8sb-ghostscript-10.05.1",
              "default": true
            },
            {
              "name": "man",
              "path": "/nix/store/1dxcm70mz9rmi6m38gcfc0ppvdla371q-ghostscript-10.05.1-man",
              "default": true
            },
            {
              "name": "doc",
              "path": "/nix/store/igawawrfmg80jigy3sjm99y3scbklih4-ghostscript-10.05.1-doc"
            },
            {
              "name": "fonts",
              "path": "/nix/store/jhqwp0hyrp4q2kyhvlylw2k4zwcr22ky-ghostscript-10.05.1-fonts"
            }
          ],
          "store_path": "/nix/store/y8sfh02kghxndksaw8xvflanqb12w8sb-ghostscript-10.05.1"
        },
        "aarch64-linux": {
          "outputs": [
            {
              "name": "out",
              "path": "/nix/store/yfhqlvlm9nw0gspa6q7vc7hisxbr4xij-ghostscript-with-X-10.05.1",
              "default": true
            },
            {
              "name": "man",
              "path": "/nix/store/5x0x4157yg40clzvba4s424yxvcxakhl-ghostscript-with-X-10.05.1-man",
              "default": true
            },
            {
              "name": "doc",
              "path": "/nix/store/krnwlwllapgj937jkyqlmscl01jxz2yg-ghostscript-with-X-10.05.1-doc"
            },
            {
              "name": "fonts",
              "path": "/nix/store/bjqipmyacmsf89aldb8hrv5xg589mdyi-ghostscript-with-X-10.05.1-fonts"
            }
          ],
          "store_path": "/nix/store/yfhqlvlm9nw0gspa6q7vc7hisxbr4xij-ghostscript-with-X-10.05.1"
        },
        "x86_64-darwin": {
          "outputs": [
            {
              "name": "out",
              "path": "/nix/store/nv113q7aj3h6am1zkdbh8i1ypj6kfi1b-ghostscript-10.05.1",
              "default": true
            },
            {
              "name": "man",
              "path": "/nix/store/hrfk1l1m53jh2bl6cj9kc10i1wc5csh8-ghostscript-10.05.1-man",
              "default": true
            },
            {
              "name": "doc",
              "path": "/nix/store/np863csgv9cv18g4rwdz22zls05wc67y-ghostscript-10.05.1-doc"
            },
            {
              "name": "fonts",
              "path": "/nix/store/gsxwyljwzg2wphd4mncwwwbah2gjgc9c-ghostscript-10.05.1-fonts"
            }
          ],
          "store_path": "/nix/store/nv113q7aj3h6am1zkdbh8i1ypj6kfi1b-ghostscript-10.05.1"
        },
        "x86_64-linux": {
          "outputs": [
            {
              "name": "out",
              "path": "/nix/store/27wkk7nxgvpq1cn55kxaahfnabs2h7v8-ghostscript-with-X-10.05.1",
              "default": true
            },
            {
              "name": "man",
              "path": "/nix/store/hp21fdapmqjar35j1410ppf0ih9wp3dr-ghostscript-with-X-10.05.1-man",
              "default": true
            },
            {
              "name": "doc",
              "path": "/nix/store/x82hgabn1561hw4bifz06x4fi3igjjmd-ghostscript-with-X-10.05.1-doc"
            },
            {
              "name": "fonts",
              "path": "/nix/store/m3zk4mbr511jp51h24h6l7psx22y9brk-ghostscript-with-X-10.05.1-fonts"
            }
          ],
          "store_path": "/nix/store/27wkk7nxgvpq1cn55kxaahfnabs2h7v8-ghostscript-with-X-10.05.1"
        }
      }
    },
    "github:NixOS/nixpkgs/nixpkgs-unstable": {
      "last_modified": "2025-10-02T15:02:55Z",
      "resolved": "github:NixOS/nixpkgs/dc704e6102e76aad573f63b74c742cd96f8f1e6c?lastModified=1759417375&narHash=sha256-O7eHcgkQXJNygY6AypkF9tFhsoDQjpNEojw3eFs73Ow%3D"
    },
    "glibcLocales@latest": {
      "last_modified": "2025-09-18T16:33:27Z",
      "resolved": "github:NixOS/nixpkgs/f4b140d5b253f5e2a1ff4e5506edbf8267724bde#glibcLocales",
      "source": "devbox-search",
      "version": "2.40-66",
      "systems": {
        "aarch64-linux": {
          "outputs": [
            {
              "name": "out",
              "path": "/nix/store/zjadyj68vh7mnngwngy4v80ydyf2w5i4-glibc-locales-2.40-66",
              "default": true
            }
          ],
          "store_path": "/nix/store/zjadyj68vh7mnngwngy4v80ydyf2w5i4-glibc-locales-2.40-66"
        },
        "x86_64-linux": {
          "outputs": [
            {
              "name": "out",
              "path": "/nix/store/008h0z2m22alg2v8kcdcw4v0f7c39lmm-glibc-locales-2.40-66",
              "default": true
            }
          ],
          "store_path": "/nix/store/008h0z2m22alg2v8kcdcw4v0f7c39lmm-glibc-locales-2.40-66"
        }
      }
    },
    "gnumake@latest": {
      "last_modified": "2025-09-21T00:54:27Z",
      "resolved": "github:NixOS/nixpkgs/51c8f9cfaae8306d135095bcdb3df9027f95542d#gnumake",
      "source": "devbox-search",
      "version": "4.4.1",
      "systems": {
        "aarch64-darwin": {
          "outputs": [
            {
              "name": "out",
              "path": "/nix/store/sjxx5p05vzq7xam62h21cyzkbyb1amvd-gnumake-4.4.1",
              "default": true
            },
            {
              "name": "man",
              "path": "/nix/store/a4aay80xgirjm8hk1rd142qcd1kkfps8-gnumake-4.4.1-man",
              "default": true
            },
            {
              "name": "info",
              "path": "/nix/store/cwx5agxi3ig3gmbk4c4dn7df2krzlddy-gnumake-4.4.1-info"
            }
          ],
          "store_path": "/nix/store/sjxx5p05vzq7xam62h21cyzkbyb1amvd-gnumake-4.4.1"
        },
        "aarch64-linux": {
          "outputs": [
            {
              "name": "out",
              "path": "/nix/store/9cns3585v908dwbf5nfqqjghv955ndrq-gnumake-4.4.1",
              "default": true
            },
            {
              "name": "man",
              "path": "/nix/store/0a4l47b9sqc28ssi5hsq21ivs2hmbzcp-gnumake-4.4.1-man",
              "default": true
            },
            {
              "name": "debug",
              "path": "/nix/store/j8lcp5zjdq0l0ipvji7s13vdc53nzcki-gnumake-4.4.1-debug"
            },
            {
              "name": "info",
              "path": "/nix/store/8922q241lh4qbxd2g7jxsnjnkfmgap3z-gnumake-4.4.1-info"
            }
          ],
          "store_path": "/nix/store/9cns3585v908dwbf5nfqqjghv955ndrq-gnumake-4.4.1"
        },
        "x86_64-darwin": {
          "outputs": [
            {
              "name": "out",
              "path": "/nix/store/fy063r4nqi1w79bklqhiv7ny0xwdqjp3-gnumake-4.4.1",
              "default": true
            },
            {
              "name": "man",
              "path": "/nix/store/g7nffhgbmv3r01199lhp0qz741kvnlvf-gnumake-4.4.1-man",
              "default": true
            },
            {
              "name": "info",
              "path": "/nix/store/451pi5y9s89na99pxv6jjvqa44r08dha-gnumake-4.4.1-info"
            }
          ],
          "store_path": "/nix/store/fy063r4nqi1w79bklqhiv7ny0xwdqjp3-gnumake-4.4.1"
        },
        "x86_64-linux": {
          "outputs": [
            {
              "name": "out",
              "path": "/nix/store/ahxj2q2mrl9z2k77ahqsl9j4zxq1wf84-gnumake-4.4.1",
              "default": true
            },
            {
              "name": "man",
              "path": "/nix/store/ha44mgbdcrzgah0dnjd28ax4hrdkc4mm-gnumake-4.4.1-man",
              "default": true
            },
            {
              "name": "debug",
              "path": "/nix/store/7vrxj6zy7y4a83d2q9585sxmcnkfs9ml-gnumake-4.4.1-debug"
            },
            {
              "name": "info",
              "path": "/nix/store/m0ijkc5j3wdawh302pns9b45v9n6nq64-gnumake-4.4.1-info"
            }
          ],
          "store_path": "/nix/store/ahxj2q2mrl9z2k77ahqsl9j4zxq1wf84-gnumake-4.4.1"
        }
      }
    },
    "imagemagickBig@latest": {
      "last_modified": "2025-09-21T09:21:16Z",
      "resolved": "github:NixOS/nixpkgs/a1f79a1770d05af18111fbbe2a3ab2c42c0f6cd0#imagemagickBig",
      "source": "devbox-search",
      "version": "7.1.2-3",
      "systems": {
        "aarch64-darwin": {
          "outputs": [
            {
              "name": "out",
              "path": "/nix/store/yws78lxdfswq4hcqjwjx3vyh0d4c53nr-imagemagick-7.1.2-3",
              "default": true
            },
            {
              "name": "dev",
              "path": "/nix/store/k6rkqixnb6d88dmvf1iykmi01rxlh6wl-imagemagick-7.1.2-3-dev"
            },
            {
              "name": "doc",
              "path": "/nix/store/qv525n8pqgicxg3drgscdjfp5akpi1pw-imagemagick-7.1.2-3-doc"
            }
          ],
          "store_path": "/nix/store/yws78lxdfswq4hcqjwjx3vyh0d4c53nr-imagemagick-7.1.2-3"
        },
        "aarch64-linux": {
          "outputs": [
            {
              "name": "out",
              "path": "/nix/store/h2fv5z8bq3g16m943wzw4fwfj9n1da1b-imagemagick-7.1.2-3",
              "default": true
            },
            {
              "name": "dev",
              "path": "/nix/store/14hh9vwzsmd1v5mmlvb93pydi50rvq90-imagemagick-7.1.2-3-dev"
            },
            {
              "name": "doc",
              "path": "/nix/store/gbjcpc6ygw6nl43k0rsman77a1v773pa-imagemagick-7.1.2-3-doc"
            }
          ],
          "store_path": "/nix/store/h2fv5z8bq3g16m943wzw4fwfj9n1da1b-imagemagick-7.1.2-3"
        },
        "x86_64-darwin": {
          "outputs": [
            {
              "name": "out",
              "path": "/nix/store/9ahh63hxz9jk7956w2xvf0a1g1ir06yf-imagemagick-7.1.2-3",
              "default": true
            },
            {
              "name": "doc",
              "path": "/nix/store/vxcxn36rddkgzf4z75fyz4fi8h2d0qfk-imagemagick-7.1.2-3-doc"
            },
            {
              "name": "dev",
              "path": "/nix/store/dlz6bhaz262jcqkbinbfy0ybzcqr6p12-imagemagick-7.1.2-3-dev"
            }
          ],
          "store_path": "/nix/store/9ahh63hxz9jk7956w2xvf0a1g1ir06yf-imagemagick-7.1.2-3"
        },
        "x86_64-linux": {
          "outputs": [
            {
              "name": "out",
              "path": "/nix/store/07cawf67fcaahiv4h0z7bcnpdlcx8ypv-imagemagick-7.1.2-3",
              "default": true
            },
            {
              "name": "doc",
              "path": "/nix/store/hwjicf7p7wmcwjgki2agdx3r0qakn40h-imagemagick-7.1.2-3-doc"
            },
            {
              "name": "dev",
              "path": "/nix/store/bdbqs8vjqcca52vdlnbjnzmrdas3bscq-imagemagick-7.1.2-3-dev"
            }
          ],
          "store_path": "/nix/store/07cawf67fcaahiv4h0z7bcnpdlcx8ypv-imagemagick-7.1.2-3"
        }
      }
    },
    "inotifytools@latest": {
      "last_modified": "2023-02-24T09:01:09Z",
      "resolved": "github:NixOS/nixpkgs/7d0ed7f2e5aea07ab22ccb338d27fbe347ed2f11#inotifyTools",
      "source": "devbox-search",
      "version": "3.22.6.0",
      "systems": {
        "x86_64-linux": {
          "outputs": [
            {
              "path": "/nix/store/lk1q0wmmlvjgwfdy45vlj0xcxsg9l6lq-inotify-tools-3.22.6.0",
              "default": true
            }
          ]
        }
      }
    },
    "libyaml@latest": {
      "last_modified": "2025-09-18T16:33:27Z",
      "resolved": "github:NixOS/nixpkgs/f4b140d5b253f5e2a1ff4e5506edbf8267724bde#libyaml",
      "source": "devbox-search",
      "version": "0.2.5",
      "systems": {
        "aarch64-darwin": {
          "outputs": [
            {
              "name": "out",
              "path": "/nix/store/9m9h3bs4nxibpv3qss4gzl9qhn7fdrhg-libyaml-0.2.5",
              "default": true
            },
            {
              "name": "dev",
              "path": "/nix/store/alv50py6jqrpjs41i6c3a6g9kmwg7ng3-libyaml-0.2.5-dev"
            }
          ],
          "store_path": "/nix/store/9m9h3bs4nxibpv3qss4gzl9qhn7fdrhg-libyaml-0.2.5"
        },
        "aarch64-linux": {
          "outputs": [
            {
              "name": "out",
              "path": "/nix/store/wmdfyp1w1032zdw17ifh6ki4x125546s-libyaml-0.2.5",
              "default": true
            },
            {
              "name": "dev",
              "path": "/nix/store/nb8wdgf1rbbmakp3z8vz5qawwnsh775c-libyaml-0.2.5-dev"
            }
          ],
          "store_path": "/nix/store/wmdfyp1w1032zdw17ifh6ki4x125546s-libyaml-0.2.5"
        },
        "x86_64-darwin": {
          "outputs": [
            {
              "name": "out",
              "path": "/nix/store/id8zfkklgwy9b61cjs2m01fmrg7549b8-libyaml-0.2.5",
              "default": true
            },
            {
              "name": "dev",
              "path": "/nix/store/9xv2d8hjf67fg3q7bxjgqrzx8m9dfzr5-libyaml-0.2.5-dev"
            }
          ],
          "store_path": "/nix/store/id8zfkklgwy9b61cjs2m01fmrg7549b8-libyaml-0.2.5"
        },
        "x86_64-linux": {
          "outputs": [
            {
              "name": "out",
              "path": "/nix/store/gyw5srqpib1mxn0adqwxjk0cx0bm6b5s-libyaml-0.2.5",
              "default": true
            },
            {
              "name": "dev",
              "path": "/nix/store/9znggncplwn7dard3vzw0k41x579cdh1-libyaml-0.2.5-dev"
            }
          ],
          "store_path": "/nix/store/gyw5srqpib1mxn0adqwxjk0cx0bm6b5s-libyaml-0.2.5"
        }
      }
    },
    "lsof@latest": {
      "last_modified": "2025-09-18T16:33:27Z",
      "resolved": "github:NixOS/nixpkgs/f4b140d5b253f5e2a1ff4e5506edbf8267724bde#lsof",
      "source": "devbox-search",
      "version": "4.99.5",
      "systems": {
        "aarch64-darwin": {
          "outputs": [
            {
              "name": "out",
              "path": "/nix/store/gb0g5nprqdkj6x0zf5qzx3xhmb7xwhcr-lsof-4.99.5",
              "default": true
            }
          ],
          "store_path": "/nix/store/gb0g5nprqdkj6x0zf5qzx3xhmb7xwhcr-lsof-4.99.5"
        },
        "aarch64-linux": {
          "outputs": [
            {
              "name": "out",
              "path": "/nix/store/zhgbs6x3vim9kz4c1m4kikj0fhvm8kyh-lsof-4.99.5",
              "default": true
            }
          ],
          "store_path": "/nix/store/zhgbs6x3vim9kz4c1m4kikj0fhvm8kyh-lsof-4.99.5"
        },
        "x86_64-darwin": {
          "outputs": [
            {
              "name": "out",
              "path": "/nix/store/f9kypflkqwfk1hpribra594xb4y9ir5f-lsof-4.99.5",
              "default": true
            }
          ],
          "store_path": "/nix/store/f9kypflkqwfk1hpribra594xb4y9ir5f-lsof-4.99.5"
        },
        "x86_64-linux": {
          "outputs": [
            {
              "name": "out",
              "path": "/nix/store/3m54ykhz14pdagdkzcxm1kazaimvalfg-lsof-4.99.5",
              "default": true
            }
          ],
          "store_path": "/nix/store/3m54ykhz14pdagdkzcxm1kazaimvalfg-lsof-4.99.5"
        }
      }
    },
    "nodejs@22.11.0": {
      "last_modified": "2024-12-23T21:10:33Z",
      "plugin_version": "0.0.2",
      "resolved": "github:NixOS/nixpkgs/de1864217bfa9b5845f465e771e0ecb48b30e02d#nodejs_22",
      "source": "devbox-search",
      "version": "22.11.0",
      "systems": {
        "aarch64-darwin": {
          "outputs": [
            {
              "name": "out",
              "path": "/nix/store/9vkabbbbyfn8hv5l1r8fm59d27imq460-nodejs-22.11.0",
              "default": true
            },
            {
              "name": "libv8",
              "path": "/nix/store/m3rxxwm6jp95kjmh4rklqn0d76biz6wm-nodejs-22.11.0-libv8"
            }
          ],
          "store_path": "/nix/store/9vkabbbbyfn8hv5l1r8fm59d27imq460-nodejs-22.11.0"
        },
        "aarch64-linux": {
          "outputs": [
            {
              "name": "out",
              "path": "/nix/store/z2lznj5fq0wagkhj7nkgmb5yr4gyv0ws-nodejs-22.11.0",
              "default": true
            },
            {
              "name": "libv8",
              "path": "/nix/store/0xiwppqyszilzy9cg71c26fxg5qcxh89-nodejs-22.11.0-libv8"
            }
          ],
          "store_path": "/nix/store/z2lznj5fq0wagkhj7nkgmb5yr4gyv0ws-nodejs-22.11.0"
        },
        "x86_64-darwin": {
          "outputs": [
            {
              "name": "out",
              "path": "/nix/store/s81s2z275wnjazk4ij3zvn6kslfa5ipf-nodejs-22.11.0",
              "default": true
            },
            {
              "name": "libv8",
              "path": "/nix/store/mm87n14lp5akdjlfwh1yg4l93zm8gv9h-nodejs-22.11.0-libv8"
            }
          ],
          "store_path": "/nix/store/s81s2z275wnjazk4ij3zvn6kslfa5ipf-nodejs-22.11.0"
        },
        "x86_64-linux": {
          "outputs": [
            {
              "name": "out",
              "path": "/nix/store/fkyp1bm5gll9adnfcj92snyym524mdrj-nodejs-22.11.0",
              "default": true
            },
            {
              "name": "libv8",
              "path": "/nix/store/fyaac3q8qn3zfxy72airfabm3dakmgf5-nodejs-22.11.0-libv8"
            }
          ],
          "store_path": "/nix/store/fkyp1bm5gll9adnfcj92snyym524mdrj-nodejs-22.11.0"
        }
      }
    },
    "pandoc@latest": {
      "last_modified": "2025-09-18T16:33:27Z",
      "resolved": "github:NixOS/nixpkgs/f4b140d5b253f5e2a1ff4e5506edbf8267724bde#pandoc",
      "source": "devbox-search",
      "version": "3.6",
      "systems": {
        "aarch64-darwin": {
          "outputs": [
            {
              "name": "out",
              "path": "/nix/store/m343crvkf5i8a415rldf90jiykhnlkj0-pandoc-cli-3.6",
              "default": true
            }
          ],
          "store_path": "/nix/store/m343crvkf5i8a415rldf90jiykhnlkj0-pandoc-cli-3.6"
        },
        "aarch64-linux": {
          "outputs": [
            {
              "name": "out",
              "path": "/nix/store/hjggd08xg9ysg34q0935h5cdawm8k1lk-pandoc-cli-3.6",
              "default": true
            }
          ],
          "store_path": "/nix/store/hjggd08xg9ysg34q0935h5cdawm8k1lk-pandoc-cli-3.6"
        },
        "x86_64-darwin": {
          "outputs": [
            {
              "name": "out",
              "path": "/nix/store/q6sfqwf42a9wc0zv6qw8p1mxz12sfhjh-pandoc-cli-3.6",
              "default": true
            }
          ],
          "store_path": "/nix/store/q6sfqwf42a9wc0zv6qw8p1mxz12sfhjh-pandoc-cli-3.6"
        },
        "x86_64-linux": {
          "outputs": [
            {
              "name": "out",
              "path": "/nix/store/6vkdf9pdmc36n2vv96d7pavc2dwb42rm-pandoc-cli-3.6",
              "default": true
            }
          ],
          "store_path": "/nix/store/6vkdf9pdmc36n2vv96d7pavc2dwb42rm-pandoc-cli-3.6"
        }
      }
    },
    "pkg-config@latest": {
      "last_modified": "2025-09-18T16:33:27Z",
      "resolved": "github:NixOS/nixpkgs/f4b140d5b253f5e2a1ff4e5506edbf8267724bde#pkg-config",
      "source": "devbox-search",
      "version": "0.29.2",
      "systems": {
        "aarch64-darwin": {
          "outputs": [
            {
              "name": "out",
              "path": "/nix/store/yc7mj2h6kh2cm4h61v57c5qmycaq4x2z-pkg-config-wrapper-0.29.2",
              "default": true
            },
            {
              "name": "man",
              "path": "/nix/store/r6x4gpvw55ymlg0ydja45y51sswd7l02-pkg-config-wrapper-0.29.2-man",
              "default": true
            },
            {
              "name": "doc",
              "path": "/nix/store/q2jppw401lp8jb37qsylzgyiqsarkbc6-pkg-config-wrapper-0.29.2-doc"
            }
          ],
          "store_path": "/nix/store/yc7mj2h6kh2cm4h61v57c5qmycaq4x2z-pkg-config-wrapper-0.29.2"
        },
        "aarch64-linux": {
          "outputs": [
            {
              "name": "out",
              "path": "/nix/store/gbpsba382jc93zzvwkiqkwrgdfvjr2s0-pkg-config-wrapper-0.29.2",
              "default": true
            },
            {
              "name": "man",
              "path": "/nix/store/z3snkc308vvd71rpjzqnw1wmsw3jfwvg-pkg-config-wrapper-0.29.2-man",
              "default": true
            },
            {
              "name": "doc",
              "path": "/nix/store/2yz6sk7bhph65d9yi1vzhr224l1w6c46-pkg-config-wrapper-0.29.2-doc"
            }
          ],
          "store_path": "/nix/store/gbpsba382jc93zzvwkiqkwrgdfvjr2s0-pkg-config-wrapper-0.29.2"
        },
        "x86_64-darwin": {
          "outputs": [
            {
              "name": "out",
              "path": "/nix/store/za7iazvgg64cs4gmshnk540mjf5yxm9f-pkg-config-wrapper-0.29.2",
              "default": true
            },
            {
              "name": "man",
              "path": "/nix/store/07sqw1xpw1gznq4xaf6z1rzr4a0n80ds-pkg-config-wrapper-0.29.2-man",
              "default": true
            },
            {
              "name": "doc",
              "path": "/nix/store/6rv8pn0v4rs6sml3j85q27zli4kwx8y0-pkg-config-wrapper-0.29.2-doc"
            }
          ],
          "store_path": "/nix/store/za7iazvgg64cs4gmshnk540mjf5yxm9f-pkg-config-wrapper-0.29.2"
        },
        "x86_64-linux": {
          "outputs": [
            {
              "name": "out",
              "path": "/nix/store/05h9vfzhqf7l6w1xczixici2ldw9y788-pkg-config-wrapper-0.29.2",
              "default": true
            },
            {
              "name": "man",
              "path": "/nix/store/4acmnq9dq7zd6rbpi3wigrkflxjcnr1c-pkg-config-wrapper-0.29.2-man",
              "default": true
            },
            {
              "name": "doc",
              "path": "/nix/store/68zbqzd61ciynfa9jx3gm9ncfy4z22sa-pkg-config-wrapper-0.29.2-doc"
            }
          ],
          "store_path": "/nix/store/05h9vfzhqf7l6w1xczixici2ldw9y788-pkg-config-wrapper-0.29.2"
        }
      }
    },
    "playwright-driver.browsers": {
      "resolved": "github:NixOS/nixpkgs/dc704e6102e76aad573f63b74c742cd96f8f1e6c?narHash=sha256-O7eHcgkQXJNygY6AypkF9tFhsoDQjpNEojw3eFs73Ow%3D#playwright-driver.browsers",
      "source": "nixpkg"
    },
    "postgresql_16@16": {
      "last_modified": "2025-09-21T09:21:16Z",
      "plugin_version": "0.0.2",
      "resolved": "github:NixOS/nixpkgs/a1f79a1770d05af18111fbbe2a3ab2c42c0f6cd0#postgresql_16",
      "source": "devbox-search",
      "version": "16.10",
      "systems": {
        "aarch64-darwin": {
          "outputs": [
            {
              "name": "out",
              "path": "/nix/store/wcszfvcb11x8f7z4d3zsnb3zbwxjx2lp-postgresql-16.10",
              "default": true
            },
            {
              "name": "man",
              "path": "/nix/store/77wy9ck99pg8jr2ch111p1knji4v0xni-postgresql-16.10-man",
              "default": true
            },
            {
              "name": "jit",
              "path": "/nix/store/2wlx244v1mf4c8b55799gli8hgf0wnhs-postgresql-16.10-jit"
            },
            {
              "name": "plperl",
              "path": "/nix/store/vdla3fn43d625az89b77bajzpjiyb7k2-postgresql-16.10-plperl"
            },
            {
              "name": "dev",
              "path": "/nix/store/7cgf7pzdn3ghrbmhrwxfc7ja6dnznfl8-postgresql-16.10-dev"
            },
            {
              "name": "doc",
              "path": "/nix/store/07vg5blhs3a4pxzyic89lrd0dplpr58l-postgresql-16.10-doc"
            },
            {
              "name": "lib",
              "path": "/nix/store/h534q0vsclk9x6sdifwysnv9znv6wxzh-postgresql-16.10-lib"
            },
            {
              "name": "plpython3",
              "path": "/nix/store/73zjp9rxb2gjrspn4ygy3jnd3f1ws4zk-postgresql-16.10-plpython3"
            },
            {
              "name": "pltcl",
              "path": "/nix/store/jia830sk03drk2wn460qnqycr213cd7j-postgresql-16.10-pltcl"
            }
          ],
          "store_path": "/nix/store/wcszfvcb11x8f7z4d3zsnb3zbwxjx2lp-postgresql-16.10"
        },
        "aarch64-linux": {
          "outputs": [
            {
              "name": "out",
              "path": "/nix/store/vwivxsaxlfbr6lsv1bjnxfppxb6vzkxl-postgresql-16.10",
              "default": true
            },
            {
              "name": "man",
              "path": "/nix/store/jpj5sy1yfnj2d7yvkkspgicx570x1ahq-postgresql-16.10-man",
              "default": true
            },
            {
              "name": "debug",
              "path": "/nix/store/6q2nfcxchazgjzs84d6ydi5lr2yyvlsa-postgresql-16.10-debug"
            },
            {
              "name": "doc",
              "path": "/nix/store/xq8xkl61d22s1702pkp7882ss7cyvvx5-postgresql-16.10-doc"
            },
            {
              "name": "jit",
              "path": "/nix/store/0jls26m8adl8sjjglij0h57jh43gcdjc-postgresql-16.10-jit"
            },
            {
              "name": "plperl",
              "path": "/nix/store/w37621l1s48p7wh36bm2gh7v2s1hby6k-postgresql-16.10-plperl"
            },
            {
              "name": "pltcl",
              "path": "/nix/store/b1l34820a7wfa1557l48wpmh3mnbiq9b-postgresql-16.10-pltcl"
            },
            {
              "name": "dev",
              "path": "/nix/store/qx318cfixii3c8vxrf37k6a0c83xnk0h-postgresql-16.10-dev"
            },
            {
              "name": "plpython3",
              "path": "/nix/store/xsmnzxib0vwimzf85xzlg6p9xb0j5vfa-postgresql-16.10-plpython3"
            },
            {
              "name": "lib",
              "path": "/nix/store/3vnd9jazlf49ara1anpfyialjzl1is07-postgresql-16.10-lib"
            }
          ],
          "store_path": "/nix/store/vwivxsaxlfbr6lsv1bjnxfppxb6vzkxl-postgresql-16.10"
        },
        "x86_64-darwin": {
          "outputs": [
            {
              "name": "out",
              "path": "/nix/store/l2dd4ldfd4wx3r77mpsdfzagdg7xqxwi-postgresql-16.10",
              "default": true
            },
            {
              "name": "man",
              "path": "/nix/store/mpanyijay80ars7s26r81pkxap72iaxx-postgresql-16.10-man",
              "default": true
            },
            {
              "name": "plperl",
              "path": "/nix/store/f3sm8akx12zh03lmw19b6n62dhrbzbwx-postgresql-16.10-plperl"
            },
            {
              "name": "dev",
              "path": "/nix/store/9ig3ikzr3dw4zmkf1fz83cwm91riq1ls-postgresql-16.10-dev"
            },
            {
              "name": "doc",
              "path": "/nix/store/8ij58b0jz3lnl1znmbh785sbnksksw2z-postgresql-16.10-doc"
            },
            {
              "name": "jit",
              "path": "/nix/store/vknkiiyah9g3996ir4dm7wry6rpcs7bk-postgresql-16.10-jit"
            },
            {
              "name": "pltcl",
              "path": "/nix/store/ni5r7zpqqzp7qk18d05qcswsr4g7rxd6-postgresql-16.10-pltcl"
            },
            {
              "name": "lib",
              "path": "/nix/store/pgm811j292ldj793ay8n8vpxi1adbfnx-postgresql-16.10-lib"
            },
            {
              "name": "plpython3",
              "path": "/nix/store/7c72ckpb0zqyg1i7xkajpdxbgqz3x5j6-postgresql-16.10-plpython3"
            }
          ],
          "store_path": "/nix/store/l2dd4ldfd4wx3r77mpsdfzagdg7xqxwi-postgresql-16.10"
        },
        "x86_64-linux": {
          "outputs": [
            {
              "name": "out",
              "path": "/nix/store/praagdq14gwpr6sr3y2sgp25ld8bxijr-postgresql-16.10",
              "default": true
            },
            {
              "name": "man",
              "path": "/nix/store/rwgxzpxyxdxhy2lv194k5x4czm1cd55l-postgresql-16.10-man",
              "default": true
            },
            {
              "name": "debug",
              "path": "/nix/store/g4hm9dkqfbfxmssbr9jipy8hyy5107fc-postgresql-16.10-debug"
            },
            {
              "name": "doc",
              "path": "/nix/store/fml7ss7r7hd9zdhm21b4jqbib0qw6i70-postgresql-16.10-doc"
            },
            {
              "name": "jit",
              "path": "/nix/store/hsb3q4vcvd7m7n48d87dk9pv0c93s546-postgresql-16.10-jit"
            },
            {
              "name": "plpython3",
              "path": "/nix/store/41pkvyl6kjgdf14wxjl1phxzx73z8il8-postgresql-16.10-plpython3"
            },
            {
              "name": "pltcl",
              "path": "/nix/store/bpa1jbffjz70qv020ivb7z3gssvm67f0-postgresql-16.10-pltcl"
            },
            {
              "name": "dev",
              "path": "/nix/store/0r1zhqj12j6zsrrdjhwqk28fsbyqpia5-postgresql-16.10-dev"
            },
            {
              "name": "lib",
              "path": "/nix/store/90l1lc13sncrv5m67qv3gi1sxcxapdmw-postgresql-16.10-lib"
            },
            {
              "name": "plperl",
              "path": "/nix/store/5x38259pbama16m1y65x7fgsaf0ysa7d-postgresql-16.10-plperl"
            }
          ],
          "store_path": "/nix/store/praagdq14gwpr6sr3y2sgp25ld8bxijr-postgresql-16.10"
        }
      }
    },
    "ruby@3.4": {
      "last_modified": "2025-09-18T16:33:27Z",
      "plugin_version": "0.0.2",
      "resolved": "github:NixOS/nixpkgs/f4b140d5b253f5e2a1ff4e5506edbf8267724bde#ruby_3_4",
      "source": "devbox-search",
      "version": "3.4.5",
      "systems": {
        "aarch64-darwin": {
          "outputs": [
            {
              "name": "out",
              "path": "/nix/store/kacnsf4in1dxc81mz6vxv36vjjc0ypcd-ruby-3.4.5",
              "default": true
            },
            {
              "name": "devdoc",
              "path": "/nix/store/rm20x0sb3zr2qgkwv8mi5fk9hpybs3px-ruby-3.4.5-devdoc"
            }
          ],
          "store_path": "/nix/store/kacnsf4in1dxc81mz6vxv36vjjc0ypcd-ruby-3.4.5"
        },
        "aarch64-linux": {
          "outputs": [
            {
              "name": "out",
              "path": "/nix/store/2naqvw0blvr9pfxwfcqzxhwhnj5w2xij-ruby-3.4.5",
              "default": true
            },
            {
              "name": "devdoc",
              "path": "/nix/store/md6hf3l28kd4qfaxwagdprgvivsf91ic-ruby-3.4.5-devdoc"
            }
          ],
          "store_path": "/nix/store/2naqvw0blvr9pfxwfcqzxhwhnj5w2xij-ruby-3.4.5"
        },
        "x86_64-darwin": {
          "outputs": [
            {
              "name": "out",
              "path": "/nix/store/ppqqpm9fa3vrjz5hfvk8zv6n0s69y9ci-ruby-3.4.5",
              "default": true
            },
            {
              "name": "devdoc",
              "path": "/nix/store/4f50sf0p3b11wr6lhx40jmg57rj2xfkm-ruby-3.4.5-devdoc"
            }
          ],
          "store_path": "/nix/store/ppqqpm9fa3vrjz5hfvk8zv6n0s69y9ci-ruby-3.4.5"
        },
        "x86_64-linux": {
          "outputs": [
            {
              "name": "out",
              "path": "/nix/store/0dnnmyp9ad0asymlrwib42qh6rcgkdcn-ruby-3.4.5",
              "default": true
            },
            {
              "name": "devdoc",
              "path": "/nix/store/isb4b4rhy29lvvdqy77gar02801agxc5-ruby-3.4.5-devdoc"
            }
          ],
          "store_path": "/nix/store/0dnnmyp9ad0asymlrwib42qh6rcgkdcn-ruby-3.4.5"
        }
      }
    },
    "vips@latest": {
      "last_modified": "2025-09-21T09:21:16Z",
      "resolved": "github:NixOS/nixpkgs/a1f79a1770d05af18111fbbe2a3ab2c42c0f6cd0#vips",
      "source": "devbox-search",
      "version": "8.17.2",
      "systems": {
        "aarch64-darwin": {
          "outputs": [
            {
              "name": "bin",
              "path": "/nix/store/434s516v1j89j5sw1kiq7rhghy5y8c16-vips-8.17.2-bin",
              "default": true
            },
            {
              "name": "man",
              "path": "/nix/store/cpxvp1f2nnmlysjddlfahfhc4mzgijj3-vips-8.17.2-man",
              "default": true
            },
            {
              "name": "out",
              "path": "/nix/store/vwvaswmak5ya6l4swr5ghvii0q5yf36i-vips-8.17.2"
            },
            {
              "name": "dev",
              "path": "/nix/store/rrybk25zi00qf5c8953383wfdh6bfcpr-vips-8.17.2-dev"
            }
          ],
          "store_path": "/nix/store/434s516v1j89j5sw1kiq7rhghy5y8c16-vips-8.17.2-bin"
        },
        "aarch64-linux": {
          "outputs": [
            {
              "name": "bin",
              "path": "/nix/store/gbj0qgip273vmp0vk3hg88lw4ymap45h-vips-8.17.2-bin",
              "default": true
            },
            {
              "name": "man",
              "path": "/nix/store/7gggn3qgggn2vcgslbshcgd42d3qgxp8-vips-8.17.2-man",
              "default": true
            },
            {
              "name": "out",
              "path": "/nix/store/hdn65091hjya45qk39z0khaihg0psb6c-vips-8.17.2"
            },
            {
              "name": "dev",
              "path": "/nix/store/y17f4wvyjpkm4x4sq8sqdhbkj1zqa111-vips-8.17.2-dev"
            },
            {
              "name": "devdoc",
              "path": "/nix/store/bfg709vngm8xia9b3g90h4hpq3vri433-vips-8.17.2-devdoc"
            }
          ],
          "store_path": "/nix/store/gbj0qgip273vmp0vk3hg88lw4ymap45h-vips-8.17.2-bin"
        },
        "x86_64-darwin": {
          "outputs": [
            {
              "name": "bin",
              "path": "/nix/store/a977bl8j6n7mzir58ch82q6jmji1whmp-vips-8.17.2-bin",
              "default": true
            },
            {
              "name": "man",
              "path": "/nix/store/rbmrl4aghsi2nf7ss8h98n5r71wfbv86-vips-8.17.2-man",
              "default": true
            },
            {
              "name": "dev",
              "path": "/nix/store/kfx1wd8nqaa1cv4iiivsw8p6drl77cwg-vips-8.17.2-dev"
            },
            {
              "name": "out",
              "path": "/nix/store/4kirk1czdrngw6cp7v8dp803y2kcb0cj-vips-8.17.2"
            }
          ],
          "store_path": "/nix/store/a977bl8j6n7mzir58ch82q6jmji1whmp-vips-8.17.2-bin"
        },
        "x86_64-linux": {
          "outputs": [
            {
              "name": "bin",
              "path": "/nix/store/sikqadcl01bqnjcnjx3sqam4bwq32bcv-vips-8.17.2-bin",
              "default": true
            },
            {
              "name": "man",
              "path": "/nix/store/dc6f8512421paakf6kn1ca4rxsljg6j1-vips-8.17.2-man",
              "default": true
            },
            {
              "name": "out",
              "path": "/nix/store/lqzmcd1d9dnkfjna6zjgjwdihv3mb96k-vips-8.17.2"
            },
            {
              "name": "dev",
              "path": "/nix/store/kpnlv2r4qp4ndgbqvrsqgkwk2w6d3laj-vips-8.17.2-dev"
            },
            {
              "name": "devdoc",
              "path": "/nix/store/rz8lhsrj28macdzjvicnwizxzzd9z2qc-vips-8.17.2-devdoc"
            }
          ],
          "store_path": "/nix/store/sikqadcl01bqnjcnjx3sqam4bwq32bcv-vips-8.17.2-bin"
        }
      }
    },
    "wkhtmltopdf@latest": {
      "last_modified": "2025-09-18T16:33:27Z",
      "resolved": "github:NixOS/nixpkgs/f4b140d5b253f5e2a1ff4e5506edbf8267724bde#wkhtmltopdf",
      "source": "devbox-search",
      "systems": {
        "aarch64-linux": {
          "outputs": [
            {
              "name": "out",
              "path": "/nix/store/w4icj7kdy6p8k9qc99aszvqyv8wpxcd4-wkhtmltopdf",
              "default": true
            }
          ],
          "store_path": "/nix/store/w4icj7kdy6p8k9qc99aszvqyv8wpxcd4-wkhtmltopdf"
        },
        "x86_64-darwin": {
          "outputs": [
            {
              "name": "out",
              "path": "/nix/store/sjjx4vbjwrw1pgq59glxgbbidd7igdvf-wkhtmltopdf",
              "default": true
            }
          ],
          "store_path": "/nix/store/sjjx4vbjwrw1pgq59glxgbbidd7igdvf-wkhtmltopdf"
        },
        "x86_64-linux": {
          "outputs": [
            {
              "name": "out",
              "path": "/nix/store/1218gh0s8hvlfblgpzzhqarsxmvi47ns-wkhtmltopdf",
              "default": true
            }
          ],
          "store_path": "/nix/store/1218gh0s8hvlfblgpzzhqarsxmvi47ns-wkhtmltopdf"
        }
      }
    },
    "yarn@latest": {
      "last_modified": "2025-09-18T16:33:27Z",
      "resolved": "github:NixOS/nixpkgs/f4b140d5b253f5e2a1ff4e5506edbf8267724bde#yarn",
      "source": "devbox-search",
      "version": "1.22.22",
      "systems": {
        "aarch64-darwin": {
          "outputs": [
            {
              "name": "out",
              "path": "/nix/store/xskm9v0hn2chkhs965lc2l0inxw80l5y-yarn-1.22.22",
              "default": true
            }
          ],
          "store_path": "/nix/store/xskm9v0hn2chkhs965lc2l0inxw80l5y-yarn-1.22.22"
        },
        "aarch64-linux": {
          "outputs": [
            {
              "name": "out",
              "path": "/nix/store/367km1vp9ffpvq8xyyq94yci373dxqh3-yarn-1.22.22",
              "default": true
            }
          ],
          "store_path": "/nix/store/367km1vp9ffpvq8xyyq94yci373dxqh3-yarn-1.22.22"
        },
        "x86_64-darwin": {
          "outputs": [
            {
              "name": "out",
              "path": "/nix/store/2mfi6zyzwai51bf0qklp7z6af3lvvfz9-yarn-1.22.22",
              "default": true
            }
          ],
          "store_path": "/nix/store/2mfi6zyzwai51bf0qklp7z6af3lvvfz9-yarn-1.22.22"
        },
        "x86_64-linux": {
          "outputs": [
            {
              "name": "out",
              "path": "/nix/store/gc3fimj5cl8wviqdqdy9y6h9jdyasrlf-yarn-1.22.22",
              "default": true
            }
          ],
          "store_path": "/nix/store/gc3fimj5cl8wviqdqdy9y6h9jdyasrlf-yarn-1.22.22"
        }
      }
    }
  }
}
