{
  "lockfile_version": "1",
  "packages": {
    "gcc@latest": {
      "last_modified": "2025-07-28T17:09:23Z",
      "resolved": "github:NixOS/nixpkgs/648f70160c03151bc2121d179291337ad6bc564b#gcc15",
      "source": "devbox-search",
      "version": "15.1.0",
      "systems": {
        "aarch64-darwin": {
          "outputs": [
            {
              "name": "out",
              "path": "/nix/store/bbdc71n8jyf2m2v5v0sgkqrsq6czz7zb-gcc-wrapper-15.1.0",
              "default": true
            },
            {
              "name": "man",
              "path": "/nix/store/9wf8dlqw3akm4q3axf5s5n59ng9mkfc7-gcc-wrapper-15.1.0-man",
              "default": true
            },
            {
              "name": "info",
              "path": "/nix/store/zqfyk428j0naqyph4qb3kp33b0yq75bj-gcc-wrapper-15.1.0-info"
            }
          ],
          "store_path": "/nix/store/bbdc71n8jyf2m2v5v0sgkqrsq6czz7zb-gcc-wrapper-15.1.0"
        },
        "aarch64-linux": {
          "outputs": [
            {
              "name": "out",
              "path": "/nix/store/6i8w766ss996q66b41b3igmr3kcqklxn-gcc-wrapper-15.1.0",
              "default": true
            },
            {
              "name": "man",
              "path": "/nix/store/agx0zfxhwspf783mzqs8hkk11ivcv9p5-gcc-wrapper-15.1.0-man",
              "default": true
            },
            {
              "name": "info",
              "path": "/nix/store/x29k9656k71r2kj9a16bffc4j03sacwv-gcc-wrapper-15.1.0-info"
            }
          ],
          "store_path": "/nix/store/6i8w766ss996q66b41b3igmr3kcqklxn-gcc-wrapper-15.1.0"
        },
        "x86_64-darwin": {
          "outputs": [
            {
              "name": "out",
              "path": "/nix/store/anzgvch883j7id6gxynhsic1qvm7rm1c-gcc-wrapper-15.1.0",
              "default": true
            },
            {
              "name": "man",
              "path": "/nix/store/r7a8ik7vg79xy64jssa97g345qwg5nmj-gcc-wrapper-15.1.0-man",
              "default": true
            },
            {
              "name": "info",
              "path": "/nix/store/r3qfgnzd327ji3z85xagwrnkf911fy8g-gcc-wrapper-15.1.0-info"
            }
          ],
          "store_path": "/nix/store/anzgvch883j7id6gxynhsic1qvm7rm1c-gcc-wrapper-15.1.0"
        },
        "x86_64-linux": {
          "outputs": [
            {
              "name": "out",
              "path": "/nix/store/1d75h3iiq3mj4liis8cm1cbrldc9hwav-gcc-wrapper-15.1.0",
              "default": true
            },
            {
              "name": "man",
              "path": "/nix/store/3zp966sg0136ik4170lvh0rqpygdq384-gcc-wrapper-15.1.0-man",
              "default": true
            },
            {
              "name": "info",
              "path": "/nix/store/dvgwfg6kix4k6f8r6avfj65d42ii37c8-gcc-wrapper-15.1.0-info"
            }
          ],
          "store_path": "/nix/store/1d75h3iiq3mj4liis8cm1cbrldc9hwav-gcc-wrapper-15.1.0"
        }
      }
    },
    "ghostscript@latest": {
      "last_modified": "2025-08-08T11:17:04Z",
      "resolved": "github:NixOS/nixpkgs/b069b7c1e2fe1a3a24221428558bf44128d3d5c8#ghostscript",
      "source": "devbox-search",
      "version": "10.05.1",
      "systems": {
        "aarch64-darwin": {
          "outputs": [
            {
              "name": "out",
              "path": "/nix/store/vrabmh25vmm5jglgar2y39q9cnzfvfjl-ghostscript-10.05.1",
              "default": true
            },
            {
              "name": "man",
              "path": "/nix/store/4r43r1hi9dcwpf9nn329dylabv3n1ixb-ghostscript-10.05.1-man",
              "default": true
            },
            {
              "name": "fonts",
              "path": "/nix/store/17gp98p33m08n0p7qfim7a099iiwrnn1-ghostscript-10.05.1-fonts"
            },
            {
              "name": "doc",
              "path": "/nix/store/dw2hd1q219s2q1fzakh8fxnrxvigwv4d-ghostscript-10.05.1-doc"
            }
          ],
          "store_path": "/nix/store/vrabmh25vmm5jglgar2y39q9cnzfvfjl-ghostscript-10.05.1"
        },
        "aarch64-linux": {
          "outputs": [
            {
              "name": "out",
              "path": "/nix/store/q7jsayivf0w8iw6gf49jlfcy0f8d57h0-ghostscript-with-X-10.05.1",
              "default": true
            },
            {
              "name": "man",
              "path": "/nix/store/zfpwwpif2nsiab0ghyhvpsa0vsmnkp9i-ghostscript-with-X-10.05.1-man",
              "default": true
            },
            {
              "name": "fonts",
              "path": "/nix/store/lx7mxhaa46x87048zpm1arql4l70c7nv-ghostscript-with-X-10.05.1-fonts"
            },
            {
              "name": "doc",
              "path": "/nix/store/bd93xyv1ynrvq0pn402rmk36sfk1r3rm-ghostscript-with-X-10.05.1-doc"
            }
          ],
          "store_path": "/nix/store/q7jsayivf0w8iw6gf49jlfcy0f8d57h0-ghostscript-with-X-10.05.1"
        },
        "x86_64-darwin": {
          "outputs": [
            {
              "name": "out",
              "path": "/nix/store/8h1wg2bbx45rl7r0ifxnbapv4ri26sfw-ghostscript-10.05.1",
              "default": true
            },
            {
              "name": "man",
              "path": "/nix/store/fgiajyz98y9b80hrgqyhgq6cq5pj3ssp-ghostscript-10.05.1-man",
              "default": true
            },
            {
              "name": "doc",
              "path": "/nix/store/p5x8h10rivjh4d2pm50ivlaf89xx5m8d-ghostscript-10.05.1-doc"
            },
            {
              "name": "fonts",
              "path": "/nix/store/0qcx9zxbzhd5ifimn9zis8fl1cykixlp-ghostscript-10.05.1-fonts"
            }
          ],
          "store_path": "/nix/store/8h1wg2bbx45rl7r0ifxnbapv4ri26sfw-ghostscript-10.05.1"
        },
        "x86_64-linux": {
          "outputs": [
            {
              "name": "out",
              "path": "/nix/store/agz5d9wwa5a54y9p4kvdhvzrwzhlabfi-ghostscript-with-X-10.05.1",
              "default": true
            },
            {
              "name": "man",
              "path": "/nix/store/kaf3nvfplq6gxwa6f2jsnn47pq79dha5-ghostscript-with-X-10.05.1-man",
              "default": true
            },
            {
              "name": "doc",
              "path": "/nix/store/5fcwvbl87r1f6apnq32wmnzc3f8x9f0z-ghostscript-with-X-10.05.1-doc"
            },
            {
              "name": "fonts",
              "path": "/nix/store/4ykcrbcw0qcjbw7qbmn0qmbmvwqgs0y2-ghostscript-with-X-10.05.1-fonts"
            }
          ],
          "store_path": "/nix/store/agz5d9wwa5a54y9p4kvdhvzrwzhlabfi-ghostscript-with-X-10.05.1"
        }
      }
    },
    "github:NixOS/nixpkgs/nixpkgs-unstable": {
      "last_modified": "2025-08-10T04:38:50Z",
      "resolved": "github:NixOS/nixpkgs/641d909c4a7538f1539da9240dedb1755c907e40?lastModified=1754800730&narHash=sha256-HfVZCXic9XLBgybP0318ym3cDnGwBs%2F%2BH5MgxFVYF4I%3D"
    },
    "glibcLocales@latest": {
      "last_modified": "2025-07-28T17:09:23Z",
      "resolved": "github:NixOS/nixpkgs/648f70160c03151bc2121d179291337ad6bc564b#glibcLocales",
      "source": "devbox-search",
      "version": "2.40-66",
      "systems": {
        "aarch64-linux": {
          "outputs": [
            {
              "name": "out",
              "path": "/nix/store/3qf3dikps0lyifxs01mibkb019gzwfka-glibc-locales-2.40-66",
              "default": true
            }
          ],
          "store_path": "/nix/store/3qf3dikps0lyifxs01mibkb019gzwfka-glibc-locales-2.40-66"
        },
        "x86_64-linux": {
          "outputs": [
            {
              "name": "out",
              "path": "/nix/store/f01i3lw7r2mcyin7pfm6ww3sdyrpy9mb-glibc-locales-2.40-66",
              "default": true
            }
          ],
          "store_path": "/nix/store/f01i3lw7r2mcyin7pfm6ww3sdyrpy9mb-glibc-locales-2.40-66"
        }
      }
    },
    "gnumake@latest": {
      "last_modified": "2025-08-08T11:17:04Z",
      "resolved": "github:NixOS/nixpkgs/b069b7c1e2fe1a3a24221428558bf44128d3d5c8#gnumake",
      "source": "devbox-search",
      "version": "4.4.1",
      "systems": {
        "aarch64-darwin": {
          "outputs": [
            {
              "name": "out",
              "path": "/nix/store/8l8qhxbk9isvxvg22prkvqay1g7x8xh8-gnumake-4.4.1",
              "default": true
            },
            {
              "name": "man",
              "path": "/nix/store/d4dxxrdcri80kbzbkgnzw1bgjjq9ln4g-gnumake-4.4.1-man",
              "default": true
            },
            {
              "name": "info",
              "path": "/nix/store/3jy0yby6jq6n5777rqya8913gr6wzdv5-gnumake-4.4.1-info"
            }
          ],
          "store_path": "/nix/store/8l8qhxbk9isvxvg22prkvqay1g7x8xh8-gnumake-4.4.1"
        },
        "aarch64-linux": {
          "outputs": [
            {
              "name": "out",
              "path": "/nix/store/9ccm93c2lj2kb6m175grf8775w3yzvng-gnumake-4.4.1",
              "default": true
            },
            {
              "name": "man",
              "path": "/nix/store/mnzb2cgp3hpvw3i5dn4bccs6ln4cnkpc-gnumake-4.4.1-man",
              "default": true
            },
            {
              "name": "info",
              "path": "/nix/store/ygnz9sgg6xbvvn6q4242jq9a4w0hfr57-gnumake-4.4.1-info"
            },
            {
              "name": "debug",
              "path": "/nix/store/q92zl65186ayqg0f6vvhzldyi5bhpc70-gnumake-4.4.1-debug"
            }
          ],
          "store_path": "/nix/store/9ccm93c2lj2kb6m175grf8775w3yzvng-gnumake-4.4.1"
        },
        "x86_64-darwin": {
          "outputs": [
            {
              "name": "out",
              "path": "/nix/store/wwzvqkjzdqwrrwr600lygfq87j1cbvr5-gnumake-4.4.1",
              "default": true
            },
            {
              "name": "man",
              "path": "/nix/store/xy024cz8x9hxbr3m1im6yk3bh8sd7q0w-gnumake-4.4.1-man",
              "default": true
            },
            {
              "name": "info",
              "path": "/nix/store/38s0gpkmw3ripdv7iigqwwvdwgk88sb5-gnumake-4.4.1-info"
            }
          ],
          "store_path": "/nix/store/wwzvqkjzdqwrrwr600lygfq87j1cbvr5-gnumake-4.4.1"
        },
        "x86_64-linux": {
          "outputs": [
            {
              "name": "out",
              "path": "/nix/store/kzf67ka1wa2055bnsdrnqnv59md9xbxa-gnumake-4.4.1",
              "default": true
            },
            {
              "name": "man",
              "path": "/nix/store/n414mxklk1mxyk9syhbbh6j0d92l4ggi-gnumake-4.4.1-man",
              "default": true
            },
            {
              "name": "info",
              "path": "/nix/store/hs8b0bwzv4q3w8mf4pbq8l7v0vnjj0f9-gnumake-4.4.1-info"
            },
            {
              "name": "debug",
              "path": "/nix/store/8vg51i45l7bqcc2qfcnjgppxlsfzi11h-gnumake-4.4.1-debug"
            }
          ],
          "store_path": "/nix/store/kzf67ka1wa2055bnsdrnqnv59md9xbxa-gnumake-4.4.1"
        }
      }
    },
    "imagemagickBig@latest": {
      "last_modified": "2025-08-08T11:17:04Z",
      "resolved": "github:NixOS/nixpkgs/b069b7c1e2fe1a3a24221428558bf44128d3d5c8#imagemagickBig",
      "source": "devbox-search",
      "version": "7.1.2-0",
      "systems": {
        "aarch64-darwin": {
          "outputs": [
            {
              "name": "out",
              "path": "/nix/store/9v8w3arpyxx82kn74h6knpb4nvabw2r3-imagemagick-7.1.2-0",
              "default": true
            },
            {
              "name": "dev",
              "path": "/nix/store/15gdqwxswhgv1vawgv1dfx7wn0prbf5m-imagemagick-7.1.2-0-dev"
            },
            {
              "name": "doc",
              "path": "/nix/store/38m0dmg4bjs4qzf87358p5f16gbx97h1-imagemagick-7.1.2-0-doc"
            }
          ],
          "store_path": "/nix/store/9v8w3arpyxx82kn74h6knpb4nvabw2r3-imagemagick-7.1.2-0"
        },
        "aarch64-linux": {
          "outputs": [
            {
              "name": "out",
              "path": "/nix/store/5yiw1jl0lbsz5v060lxv18hsi7yrs126-imagemagick-7.1.2-0",
              "default": true
            },
            {
              "name": "dev",
              "path": "/nix/store/z0bdp9d2ymfx6bq8vllqiz0d4ypk11lr-imagemagick-7.1.2-0-dev"
            },
            {
              "name": "doc",
              "path": "/nix/store/aaci5y2pf8w4vh70s22d09807jngp00c-imagemagick-7.1.2-0-doc"
            }
          ],
          "store_path": "/nix/store/5yiw1jl0lbsz5v060lxv18hsi7yrs126-imagemagick-7.1.2-0"
        },
        "x86_64-darwin": {
          "outputs": [
            {
              "name": "out",
              "path": "/nix/store/l1dz23cwdmbsb5i2iy51bv4wsh9igmsd-imagemagick-7.1.2-0",
              "default": true
            },
            {
              "name": "dev",
              "path": "/nix/store/1g2n5h07w25qmj0rjz2592sbnni2yb8w-imagemagick-7.1.2-0-dev"
            },
            {
              "name": "doc",
              "path": "/nix/store/r1k1k5md7d3vgg815dkxyjw2vgyldrj8-imagemagick-7.1.2-0-doc"
            }
          ],
          "store_path": "/nix/store/l1dz23cwdmbsb5i2iy51bv4wsh9igmsd-imagemagick-7.1.2-0"
        },
        "x86_64-linux": {
          "outputs": [
            {
              "name": "out",
              "path": "/nix/store/mjz32s5ybwgh16mcj4h5hg7d27wrsjs5-imagemagick-7.1.2-0",
              "default": true
            },
            {
              "name": "doc",
              "path": "/nix/store/g2ph6q1nals19r3a107z57zmh0jm5q5l-imagemagick-7.1.2-0-doc"
            },
            {
              "name": "dev",
              "path": "/nix/store/znlkzh2g1vc72lfhv2xar4yfp6wib5s3-imagemagick-7.1.2-0-dev"
            }
          ],
          "store_path": "/nix/store/mjz32s5ybwgh16mcj4h5hg7d27wrsjs5-imagemagick-7.1.2-0"
        }
      }
    },
    "inotifytools@latest": {
      "last_modified": "2023-02-24T09:01:09Z",
      "resolved": "github:NixOS/nixpkgs/7d0ed7f2e5aea07ab22ccb338d27fbe347ed2f11#inotifyTools",
      "source": "devbox-search",
      "version": "3.22.6.0"
    },
    "libpq@latest": {
      "last_modified": "2025-08-08T11:17:04Z",
      "resolved": "github:NixOS/nixpkgs/b069b7c1e2fe1a3a24221428558bf44128d3d5c8#libpq",
      "source": "devbox-search",
      "version": "17.5",
      "systems": {
        "aarch64-darwin": {
          "outputs": [
            {
              "name": "out",
              "path": "/nix/store/xsfmcqjxzbs5hjbwai8g2cgzlhzlfpbj-libpq-17.5",
              "default": true
            },
            {
              "name": "dev",
              "path": "/nix/store/8h9sm3bcz3414m61ffg7gwyflihac9mx-libpq-17.5-dev"
            }
          ],
          "store_path": "/nix/store/xsfmcqjxzbs5hjbwai8g2cgzlhzlfpbj-libpq-17.5"
        },
        "aarch64-linux": {
          "outputs": [
            {
              "name": "out",
              "path": "/nix/store/a6ynnbv6ibnygvikv08cv64x7lm8v6cy-libpq-17.5",
              "default": true
            },
            {
              "name": "debug",
              "path": "/nix/store/575pi913sviayjsdnyl8c06bw0xf524p-libpq-17.5-debug"
            },
            {
              "name": "dev",
              "path": "/nix/store/hcxybrrd3y7g5bf9cp2mlnaybhdygsl1-libpq-17.5-dev"
            }
          ],
          "store_path": "/nix/store/a6ynnbv6ibnygvikv08cv64x7lm8v6cy-libpq-17.5"
        },
        "x86_64-darwin": {
          "outputs": [
            {
              "name": "out",
              "path": "/nix/store/q9hf6gjs4lggyl70nalp4f7y66n47rfv-libpq-17.5",
              "default": true
            },
            {
              "name": "dev",
              "path": "/nix/store/jz4bczfq6plswrzs27j1197yc60pn09y-libpq-17.5-dev"
            }
          ],
          "store_path": "/nix/store/q9hf6gjs4lggyl70nalp4f7y66n47rfv-libpq-17.5"
        },
        "x86_64-linux": {
          "outputs": [
            {
              "name": "out",
              "path": "/nix/store/sj9jvcqazn1dk4ar6d15bax9a9jn0vy5-libpq-17.5",
              "default": true
            },
            {
              "name": "debug",
              "path": "/nix/store/qwv496657dj1mil36ym8m3ah5zb62p2r-libpq-17.5-debug"
            },
            {
              "name": "dev",
              "path": "/nix/store/8dp4rrcw7y5div6mdn6i04kqq88bqrhn-libpq-17.5-dev"
            }
          ],
          "store_path": "/nix/store/sj9jvcqazn1dk4ar6d15bax9a9jn0vy5-libpq-17.5"
        }
      }
    },
    "libyaml@latest": {
      "last_modified": "2025-07-28T17:09:23Z",
      "resolved": "github:NixOS/nixpkgs/648f70160c03151bc2121d179291337ad6bc564b#libyaml",
      "source": "devbox-search",
      "version": "0.2.5",
      "systems": {
        "aarch64-darwin": {
          "outputs": [
            {
              "name": "out",
              "path": "/nix/store/xbssqn8m1pifjbsw62ax6i2crabsgaw2-libyaml-0.2.5",
              "default": true
            },
            {
              "name": "dev",
              "path": "/nix/store/k8w3lvvhclpqrhkdhpjyks8qppb4nsv2-libyaml-0.2.5-dev"
            }
          ],
          "store_path": "/nix/store/xbssqn8m1pifjbsw62ax6i2crabsgaw2-libyaml-0.2.5"
        },
        "aarch64-linux": {
          "outputs": [
            {
              "name": "out",
              "path": "/nix/store/ff3rhcvaqx32ivxwp7zk1sz2nra0gmgh-libyaml-0.2.5",
              "default": true
            },
            {
              "name": "dev",
              "path": "/nix/store/d378fcqsyyiv05s1pg0yms1xbckm61qf-libyaml-0.2.5-dev"
            }
          ],
          "store_path": "/nix/store/ff3rhcvaqx32ivxwp7zk1sz2nra0gmgh-libyaml-0.2.5"
        },
        "x86_64-darwin": {
          "outputs": [
            {
              "name": "out",
              "path": "/nix/store/yas5yirq0f3f4hgvv4w7wc4zy39k3jg6-libyaml-0.2.5",
              "default": true
            },
            {
              "name": "dev",
              "path": "/nix/store/l3ppwgrs4kxkmds6k3lbr3vbid97y090-libyaml-0.2.5-dev"
            }
          ],
          "store_path": "/nix/store/yas5yirq0f3f4hgvv4w7wc4zy39k3jg6-libyaml-0.2.5"
        },
        "x86_64-linux": {
          "outputs": [
            {
              "name": "out",
              "path": "/nix/store/vm48ny4npjn67ig0pz8vb2akrf0m6iwh-libyaml-0.2.5",
              "default": true
            },
            {
              "name": "dev",
              "path": "/nix/store/497q1aj5gwqz5dqfn98kqaxwdc40hnwg-libyaml-0.2.5-dev"
            }
          ],
          "store_path": "/nix/store/vm48ny4npjn67ig0pz8vb2akrf0m6iwh-libyaml-0.2.5"
        }
      }
    },
    "lsof@latest": {
      "last_modified": "2025-07-28T17:09:23Z",
      "resolved": "github:NixOS/nixpkgs/648f70160c03151bc2121d179291337ad6bc564b#lsof",
      "source": "devbox-search",
      "version": "4.99.5",
      "systems": {
        "aarch64-darwin": {
          "outputs": [
            {
              "name": "out",
              "path": "/nix/store/9y7apblf6lmlkvv0fdaa1k42fgr9ph4j-lsof-4.99.5",
              "default": true
            }
          ],
          "store_path": "/nix/store/9y7apblf6lmlkvv0fdaa1k42fgr9ph4j-lsof-4.99.5"
        },
        "aarch64-linux": {
          "outputs": [
            {
              "name": "out",
              "path": "/nix/store/z8bib1dnkanj7kll9hnlam02c5kdmzqj-lsof-4.99.5",
              "default": true
            }
          ],
          "store_path": "/nix/store/z8bib1dnkanj7kll9hnlam02c5kdmzqj-lsof-4.99.5"
        },
        "x86_64-darwin": {
          "outputs": [
            {
              "name": "out",
              "path": "/nix/store/i5s3xj5j0pjj9wq32qd8n962sl8aa0km-lsof-4.99.5",
              "default": true
            }
          ],
          "store_path": "/nix/store/i5s3xj5j0pjj9wq32qd8n962sl8aa0km-lsof-4.99.5"
        },
        "x86_64-linux": {
          "outputs": [
            {
              "name": "out",
              "path": "/nix/store/bmld8nn9vf2j0qryr6cnr4mhz7dpnpg4-lsof-4.99.5",
              "default": true
            }
          ],
          "store_path": "/nix/store/bmld8nn9vf2j0qryr6cnr4mhz7dpnpg4-lsof-4.99.5"
        }
      }
    },
    "nodejs@22.11.0": {
      "last_modified": "2024-12-23T21:10:33Z",
      "plugin_version": "0.0.2",
      "resolved": "github:NixOS/nixpkgs/de1864217bfa9b5845f465e771e0ecb48b30e02d#nodejs_22",
      "source": "devbox-search",
      "version": "22.11.0",
      "systems": {
        "aarch64-darwin": {
          "outputs": [
            {
              "name": "out",
              "path": "/nix/store/9vkabbbbyfn8hv5l1r8fm59d27imq460-nodejs-22.11.0",
              "default": true
            },
            {
              "name": "libv8",
              "path": "/nix/store/m3rxxwm6jp95kjmh4rklqn0d76biz6wm-nodejs-22.11.0-libv8"
            }
          ],
          "store_path": "/nix/store/9vkabbbbyfn8hv5l1r8fm59d27imq460-nodejs-22.11.0"
        },
        "aarch64-linux": {
          "outputs": [
            {
              "name": "out",
              "path": "/nix/store/z2lznj5fq0wagkhj7nkgmb5yr4gyv0ws-nodejs-22.11.0",
              "default": true
            },
            {
              "name": "libv8",
              "path": "/nix/store/0xiwppqyszilzy9cg71c26fxg5qcxh89-nodejs-22.11.0-libv8"
            }
          ],
          "store_path": "/nix/store/z2lznj5fq0wagkhj7nkgmb5yr4gyv0ws-nodejs-22.11.0"
        },
        "x86_64-darwin": {
          "outputs": [
            {
              "name": "out",
              "path": "/nix/store/s81s2z275wnjazk4ij3zvn6kslfa5ipf-nodejs-22.11.0",
              "default": true
            },
            {
              "name": "libv8",
              "path": "/nix/store/mm87n14lp5akdjlfwh1yg4l93zm8gv9h-nodejs-22.11.0-libv8"
            }
          ],
          "store_path": "/nix/store/s81s2z275wnjazk4ij3zvn6kslfa5ipf-nodejs-22.11.0"
        },
        "x86_64-linux": {
          "outputs": [
            {
              "name": "out",
              "path": "/nix/store/fkyp1bm5gll9adnfcj92snyym524mdrj-nodejs-22.11.0",
              "default": true
            },
            {
              "name": "libv8",
              "path": "/nix/store/fyaac3q8qn3zfxy72airfabm3dakmgf5-nodejs-22.11.0-libv8"
            }
          ],
          "store_path": "/nix/store/fkyp1bm5gll9adnfcj92snyym524mdrj-nodejs-22.11.0"
        }
      }
    },
    "pandoc@latest": {
      "last_modified": "2025-07-28T17:09:23Z",
      "resolved": "github:NixOS/nixpkgs/648f70160c03151bc2121d179291337ad6bc564b#pandoc",
      "source": "devbox-search",
      "version": "3.6",
      "systems": {
        "aarch64-darwin": {
          "outputs": [
            {
              "name": "out",
              "path": "/nix/store/xvv6ywa8k1jglrq2nnw7q6v24y9fllk9-pandoc-cli-3.6",
              "default": true
            }
          ],
          "store_path": "/nix/store/xvv6ywa8k1jglrq2nnw7q6v24y9fllk9-pandoc-cli-3.6"
        },
        "aarch64-linux": {
          "outputs": [
            {
              "name": "out",
              "path": "/nix/store/c5hmvi4k3ngy9581mhaxpa0400zgc98p-pandoc-cli-3.6",
              "default": true
            }
          ],
          "store_path": "/nix/store/c5hmvi4k3ngy9581mhaxpa0400zgc98p-pandoc-cli-3.6"
        },
        "x86_64-darwin": {
          "outputs": [
            {
              "name": "out",
              "path": "/nix/store/121jrcfinkibbq78pzrs5n52qnpmxds2-pandoc-cli-3.6",
              "default": true
            }
          ],
          "store_path": "/nix/store/121jrcfinkibbq78pzrs5n52qnpmxds2-pandoc-cli-3.6"
        },
        "x86_64-linux": {
          "outputs": [
            {
              "name": "out",
              "path": "/nix/store/zl2ga0yhal1yhp91n8bcskxnqj2pyx4y-pandoc-cli-3.6",
              "default": true
            }
          ],
          "store_path": "/nix/store/zl2ga0yhal1yhp91n8bcskxnqj2pyx4y-pandoc-cli-3.6"
        }
      }
    },
    "pkg-config@latest": {
      "last_modified": "2025-07-28T17:09:23Z",
      "resolved": "github:NixOS/nixpkgs/648f70160c03151bc2121d179291337ad6bc564b#pkg-config",
      "source": "devbox-search",
      "version": "0.29.2",
      "systems": {
        "aarch64-darwin": {
          "outputs": [
            {
              "name": "out",
              "path": "/nix/store/wj9343rwp0vx0cy4dpl89gavk4pdja55-pkg-config-wrapper-0.29.2",
              "default": true
            },
            {
              "name": "man",
              "path": "/nix/store/a30b0ccp4b58mhc48afy9a02k45b2f9n-pkg-config-wrapper-0.29.2-man",
              "default": true
            },
            {
              "name": "doc",
              "path": "/nix/store/xdfqjgw4azgb9bsn53dhrqwid9h15d31-pkg-config-wrapper-0.29.2-doc"
            }
          ],
          "store_path": "/nix/store/wj9343rwp0vx0cy4dpl89gavk4pdja55-pkg-config-wrapper-0.29.2"
        },
        "aarch64-linux": {
          "outputs": [
            {
              "name": "out",
              "path": "/nix/store/vn90s8p77jf7iwaq1m81lqha8cs2wpk5-pkg-config-wrapper-0.29.2",
              "default": true
            },
            {
              "name": "man",
              "path": "/nix/store/vxxpa12ajsdk4r2gk01548r0ygw2n01x-pkg-config-wrapper-0.29.2-man",
              "default": true
            },
            {
              "name": "doc",
              "path": "/nix/store/h1x5m04ays3fg1xacspi43q7ia52lbkx-pkg-config-wrapper-0.29.2-doc"
            }
          ],
          "store_path": "/nix/store/vn90s8p77jf7iwaq1m81lqha8cs2wpk5-pkg-config-wrapper-0.29.2"
        },
        "x86_64-darwin": {
          "outputs": [
            {
              "name": "out",
              "path": "/nix/store/37gxv08h7bn7y58ziw5ni3bqzwfr04a1-pkg-config-wrapper-0.29.2",
              "default": true
            },
            {
              "name": "man",
              "path": "/nix/store/128yhvs3sg0bxhsxl0rgbczjgp10kdrq-pkg-config-wrapper-0.29.2-man",
              "default": true
            },
            {
              "name": "doc",
              "path": "/nix/store/n8h1bww0jlna6ycxvfig97fh6gjs83wv-pkg-config-wrapper-0.29.2-doc"
            }
          ],
          "store_path": "/nix/store/37gxv08h7bn7y58ziw5ni3bqzwfr04a1-pkg-config-wrapper-0.29.2"
        },
        "x86_64-linux": {
          "outputs": [
            {
              "name": "out",
              "path": "/nix/store/7vrzhnby95407cbbahn3fj3y98qifgby-pkg-config-wrapper-0.29.2",
              "default": true
            },
            {
              "name": "man",
              "path": "/nix/store/l23dn1jdzr58srzbcv2a0my0ilxx713z-pkg-config-wrapper-0.29.2-man",
              "default": true
            },
            {
              "name": "doc",
              "path": "/nix/store/kyppfi30wm5sfhnkwz1pr5nnlqpis2wa-pkg-config-wrapper-0.29.2-doc"
            }
          ],
          "store_path": "/nix/store/7vrzhnby95407cbbahn3fj3y98qifgby-pkg-config-wrapper-0.29.2"
        }
      }
    },
    "playwright-driver.browsers": {
      "resolved": "github:NixOS/nixpkgs/641d909c4a7538f1539da9240dedb1755c907e40?narHash=sha256-HfVZCXic9XLBgybP0318ym3cDnGwBs%2F%2BH5MgxFVYF4I%3D#playwright-driver.browsers",
      "source": "nixpkg"
    },
    "postgresql@16": {
      "last_modified": "2024-12-22T08:27:48Z",
      "plugin_version": "0.0.2",
      "resolved": "github:NixOS/nixpkgs/93ff48c9be84a76319dac293733df09bbbe3f25c#postgresql",
      "source": "devbox-search",
      "version": "16.5",
      "systems": {
        "aarch64-darwin": {
          "outputs": [
            {
              "name": "out",
              "path": "/nix/store/6l498xrh9z690js5zmd3p2ps0r00ri9p-postgresql-16.5",
              "default": true
            },
            {
              "name": "man",
              "path": "/nix/store/5yiw867cz810zi0z2yg5y794w2sy8kzq-postgresql-16.5-man",
              "default": true
            },
            {
              "name": "lib",
              "path": "/nix/store/c3a1ij8vyxv5fyg7qp6la2mn54jn84sn-postgresql-16.5-lib"
            },
            {
              "name": "dev",
              "path": "/nix/store/9mc2nq9m18x0l7c1gyasp064cf2894vx-postgresql-16.5-dev"
            },
            {
              "name": "doc",
              "path": "/nix/store/lxqw2xsh0vm11rcz5wayhskb8w9wjlih-postgresql-16.5-doc"
            }
          ],
          "store_path": "/nix/store/6l498xrh9z690js5zmd3p2ps0r00ri9p-postgresql-16.5"
        },
        "aarch64-linux": {
          "outputs": [
            {
              "name": "out",
              "path": "/nix/store/vjcavy1l0s1l0frjag900239cpmvj17f-postgresql-16.5",
              "default": true
            },
            {
              "name": "man",
              "path": "/nix/store/4l4a2044a6mb79sm46679ifappmj8vgc-postgresql-16.5-man",
              "default": true
            },
            {
              "name": "doc",
              "path": "/nix/store/1sa3z90r6hrcfsd4hy4rxbwzbw6aa4p6-postgresql-16.5-doc"
            },
            {
              "name": "lib",
              "path": "/nix/store/gr06jpjpxzqkpyyhg1f7v9mmy1f9qzgp-postgresql-16.5-lib"
            },
            {
              "name": "debug",
              "path": "/nix/store/zlw8cxkzf9a43mmplsp88dbjy8adbjkx-postgresql-16.5-debug"
            },
            {
              "name": "dev",
              "path": "/nix/store/8mbabq6zp86a1gm2nf109pa1dvgp8s02-postgresql-16.5-dev"
            }
          ],
          "store_path": "/nix/store/vjcavy1l0s1l0frjag900239cpmvj17f-postgresql-16.5"
        },
        "x86_64-darwin": {
          "outputs": [
            {
              "name": "out",
              "path": "/nix/store/808d9axcd5q934lsi3l5v3x8phks9wc4-postgresql-16.5",
              "default": true
            },
            {
              "name": "man",
              "path": "/nix/store/8njx7dcc3gj9j46cn5lfc8knd52hvl7k-postgresql-16.5-man",
              "default": true
            },
            {
              "name": "dev",
              "path": "/nix/store/pn22i14qpv3yxmaacd5yfcqxpqm3grlq-postgresql-16.5-dev"
            },
            {
              "name": "doc",
              "path": "/nix/store/kd05cfbhaiiihdx6kkrjdyrywgjzfnqj-postgresql-16.5-doc"
            },
            {
              "name": "lib",
              "path": "/nix/store/1gnp8q95nfjna56sllv66jbf6hshi6bd-postgresql-16.5-lib"
            }
          ],
          "store_path": "/nix/store/808d9axcd5q934lsi3l5v3x8phks9wc4-postgresql-16.5"
        },
        "x86_64-linux": {
          "outputs": [
            {
              "name": "out",
              "path": "/nix/store/0z5iwcvalafm3j2c5pfhllsfbxrbyzf4-postgresql-16.5",
              "default": true
            },
            {
              "name": "man",
              "path": "/nix/store/0q9yki1d9czy7i7mly8gy3ffjvc3hkqv-postgresql-16.5-man",
              "default": true
            },
            {
              "name": "debug",
              "path": "/nix/store/zvysixjns32iz6qlkr8s5b70cw50l0qy-postgresql-16.5-debug"
            },
            {
              "name": "dev",
              "path": "/nix/store/207n898zbi7mb5scjaf532v78c3rll9f-postgresql-16.5-dev"
            },
            {
              "name": "doc",
              "path": "/nix/store/7ip3havx020h3527y7cqdl8l39p3g67b-postgresql-16.5-doc"
            },
            {
              "name": "lib",
              "path": "/nix/store/qi2zbhdnzdci7i0a6g64mbkk8wnzznlh-postgresql-16.5-lib"
            }
          ],
          "store_path": "/nix/store/0z5iwcvalafm3j2c5pfhllsfbxrbyzf4-postgresql-16.5"
        }
      }
    },
    "ruby@3.4.3": {
      "last_modified": "2025-05-16T20:19:48Z",
      "plugin_version": "0.0.2",
      "resolved": "github:NixOS/nixpkgs/12a55407652e04dcf2309436eb06fef0d3713ef3#ruby_3_4",
      "source": "devbox-search",
      "version": "3.4.3",
      "systems": {
        "aarch64-darwin": {
          "outputs": [
            {
              "name": "out",
              "path": "/nix/store/ywv4sfbj2c68akl9w1y788yfx70r8463-ruby-3.4.3",
              "default": true
            },
            {
              "name": "devdoc",
              "path": "/nix/store/xviy4h0g2yv2cx8vldazmmha8zrr499q-ruby-3.4.3-devdoc"
            }
          ],
          "store_path": "/nix/store/ywv4sfbj2c68akl9w1y788yfx70r8463-ruby-3.4.3"
        },
        "aarch64-linux": {
          "outputs": [
            {
              "name": "out",
              "path": "/nix/store/jpq4qpyhggaw5dqkjzzfpmq0lm6dyimy-ruby-3.4.3",
              "default": true
            },
            {
              "name": "devdoc",
              "path": "/nix/store/8b97wr7vglfnncq08lm0v9hx5lxaxjmp-ruby-3.4.3-devdoc"
            }
          ],
          "store_path": "/nix/store/jpq4qpyhggaw5dqkjzzfpmq0lm6dyimy-ruby-3.4.3"
        },
        "x86_64-darwin": {
          "outputs": [
            {
              "name": "out",
              "path": "/nix/store/fmx82fdw69lf5s3islqvxka7p1d9l9mb-ruby-3.4.3",
              "default": true
            },
            {
              "name": "devdoc",
              "path": "/nix/store/8pgzr5askl1x9lmhgwc93mj8yxlfvydm-ruby-3.4.3-devdoc"
            }
          ],
          "store_path": "/nix/store/fmx82fdw69lf5s3islqvxka7p1d9l9mb-ruby-3.4.3"
        },
        "x86_64-linux": {
          "outputs": [
            {
              "name": "out",
              "path": "/nix/store/5yi7qbrqbwqw8h9xjz56rx9904kykjlj-ruby-3.4.3",
              "default": true
            },
            {
              "name": "devdoc",
              "path": "/nix/store/4a0200ccz1igamyciwwp6wpaqbrj7ywc-ruby-3.4.3-devdoc"
            }
          ],
          "store_path": "/nix/store/5yi7qbrqbwqw8h9xjz56rx9904kykjlj-ruby-3.4.3"
        }
      }
    },
    "vips@latest": {
      "last_modified": "2025-08-08T11:17:04Z",
      "resolved": "github:NixOS/nixpkgs/b069b7c1e2fe1a3a24221428558bf44128d3d5c8#vips",
      "source": "devbox-search",
      "version": "8.16.1",
      "systems": {
        "aarch64-darwin": {
          "outputs": [
            {
              "name": "bin",
              "path": "/nix/store/zax3m84phwrd7h4f38np4b1ckzfj1nl9-vips-8.16.1-bin",
              "default": true
            },
            {
              "name": "man",
              "path": "/nix/store/0i8cpz1zq06aj62gg5wrsr5rrcdiw9hq-vips-8.16.1-man",
              "default": true
            },
            {
              "name": "dev",
              "path": "/nix/store/xkzwaiwmcw58766xwihldnky6vr6ighd-vips-8.16.1-dev"
            },
            {
              "name": "out",
              "path": "/nix/store/a6prlh1hqs6lsfbj42kgakj4am1lc93l-vips-8.16.1"
            }
          ],
          "store_path": "/nix/store/zax3m84phwrd7h4f38np4b1ckzfj1nl9-vips-8.16.1-bin"
        },
        "aarch64-linux": {
          "outputs": [
            {
              "name": "bin",
              "path": "/nix/store/n2jz2qv00a24ay0y1jrxrkq921qz450z-vips-8.16.1-bin",
              "default": true
            },
            {
              "name": "man",
              "path": "/nix/store/8zxq2c6df82ykx84ghfzxbv78jr6f0nh-vips-8.16.1-man",
              "default": true
            },
            {
              "name": "out",
              "path": "/nix/store/fcs5751mcib68hj5k499ngvdl1s7hk2d-vips-8.16.1"
            },
            {
              "name": "dev",
              "path": "/nix/store/j6p9zyy1vjf803in696d4fcd14ay7abi-vips-8.16.1-dev"
            },
            {
              "name": "devdoc",
              "path": "/nix/store/is0km0nl4py92vi7i6yabr6gmgp5l9s3-vips-8.16.1-devdoc"
            }
          ],
          "store_path": "/nix/store/n2jz2qv00a24ay0y1jrxrkq921qz450z-vips-8.16.1-bin"
        },
        "x86_64-darwin": {
          "outputs": [
            {
              "name": "bin",
              "path": "/nix/store/2c3lwjccycqcq7il470a0dywb5dq6fwd-vips-8.16.1-bin",
              "default": true
            },
            {
              "name": "man",
              "path": "/nix/store/nfday0l9j0xmw2vbr2k3p2gbk69hwfjv-vips-8.16.1-man",
              "default": true
            },
            {
              "name": "dev",
              "path": "/nix/store/3fjyxn3zz858blklz92bsfpn9racvli1-vips-8.16.1-dev"
            },
            {
              "name": "out",
              "path": "/nix/store/y6r0br5v6d43nvnyhxkgpv2xjr3lbdlq-vips-8.16.1"
            }
          ],
          "store_path": "/nix/store/2c3lwjccycqcq7il470a0dywb5dq6fwd-vips-8.16.1-bin"
        },
        "x86_64-linux": {
          "outputs": [
            {
              "name": "bin",
              "path": "/nix/store/xywq4bkx2d020n2v0knpb95b8906liy1-vips-8.16.1-bin",
              "default": true
            },
            {
              "name": "man",
              "path": "/nix/store/4nq1pfwrvwk9dkw2fmhyashmgnyrk5v6-vips-8.16.1-man",
              "default": true
            },
            {
              "name": "out",
              "path": "/nix/store/kd72ix0v8qah3zzd2bbz2qc61zrg4ylx-vips-8.16.1"
            },
            {
              "name": "dev",
              "path": "/nix/store/rargixm45xngb8c4hjayrrvx619397mx-vips-8.16.1-dev"
            },
            {
              "name": "devdoc",
              "path": "/nix/store/6lxddrmcl9lcqlsrjnn25fhf8xsqmpny-vips-8.16.1-devdoc"
            }
          ],
          "store_path": "/nix/store/xywq4bkx2d020n2v0knpb95b8906liy1-vips-8.16.1-bin"
        }
      }
    },
    "wkhtmltopdf@latest": {
      "last_modified": "2025-08-04T03:33:26Z",
      "resolved": "github:NixOS/nixpkgs/6a489c9482ca676ce23c0bcd7f2e1795383325fa#wkhtmltopdf",
      "source": "devbox-search",
      "systems": {
        "aarch64-linux": {
          "outputs": [
            {
              "name": "out",
              "path": "/nix/store/b411z69m6alasg14pi6hfcd5hwywh045-wkhtmltopdf",
              "default": true
            }
          ],
          "store_path": "/nix/store/b411z69m6alasg14pi6hfcd5hwywh045-wkhtmltopdf"
        },
        "x86_64-darwin": {
          "outputs": [
            {
              "name": "out",
              "path": "/nix/store/ys6hy31nznlcxy2b2nmj53hdjpi2rvnq-wkhtmltopdf",
              "default": true
            }
          ],
          "store_path": "/nix/store/ys6hy31nznlcxy2b2nmj53hdjpi2rvnq-wkhtmltopdf"
        },
        "x86_64-linux": {
          "outputs": [
            {
              "name": "out",
              "path": "/nix/store/7msjpnwnwfzl6jx02r7yr66la858wkzh-wkhtmltopdf",
              "default": true
            }
          ],
          "store_path": "/nix/store/7msjpnwnwfzl6jx02r7yr66la858wkzh-wkhtmltopdf"
        }
      }
    },
    "yarn@latest": {
      "last_modified": "2025-07-28T17:09:23Z",
      "resolved": "github:NixOS/nixpkgs/648f70160c03151bc2121d179291337ad6bc564b#yarn",
      "source": "devbox-search",
      "version": "1.22.22",
      "systems": {
        "aarch64-darwin": {
          "outputs": [
            {
              "name": "out",
              "path": "/nix/store/2hb4yl033wym7imkbzydgxfyfn5r8024-yarn-1.22.22",
              "default": true
            }
          ],
          "store_path": "/nix/store/2hb4yl033wym7imkbzydgxfyfn5r8024-yarn-1.22.22"
        },
        "aarch64-linux": {
          "outputs": [
            {
              "name": "out",
              "path": "/nix/store/7ibx5w03lkpfrab4isvndqxnx4g3w0h6-yarn-1.22.22",
              "default": true
            }
          ],
          "store_path": "/nix/store/7ibx5w03lkpfrab4isvndqxnx4g3w0h6-yarn-1.22.22"
        },
        "x86_64-darwin": {
          "outputs": [
            {
              "name": "out",
              "path": "/nix/store/0khfcbpw9vhq2lz9nf6mgnsz2fw365x7-yarn-1.22.22",
              "default": true
            }
          ],
          "store_path": "/nix/store/0khfcbpw9vhq2lz9nf6mgnsz2fw365x7-yarn-1.22.22"
        },
        "x86_64-linux": {
          "outputs": [
            {
              "name": "out",
              "path": "/nix/store/99i6m5dmg2q0g44b0gpmwz92g00wk7ma-yarn-1.22.22",
              "default": true
            }
          ],
          "store_path": "/nix/store/99i6m5dmg2q0g44b0gpmwz92g00wk7ma-yarn-1.22.22"
        }
      }
    }
  }
}
